PODS:
  - Flutter (1.0.0)
  - flutter_realm (0.0.1):
    - Flutter
    - Realm (~> 4.0.0)
  - Realm (4.0.0):
    - Realm/Headers (= 4.0.0)
  - Realm/Headers (4.0.0)

DEPENDENCIES:
  - Flutter (from `.symlinks/flutter/ios`)
  - flutter_realm (from `.symlinks/plugins/flutter_realm/ios`)

SPEC REPOS:
  trunk:
    - Realm

EXTERNAL SOURCES:
  Flutter:
    :path: ".symlinks/flutter/ios"
  flutter_realm:
    :path: ".symlinks/plugins/flutter_realm/ios"

SPEC CHECKSUMS:
  Flutter: 0e3d915762c693b495b44d77113d4970485de6ec
  flutter_realm: 2c817ae4a8e8a2f303a77996bfdaf5681d88f2d3
  Realm: 0c5b8f398daeec5b29824e41c453ff9e126e31d8

PODFILE CHECKSUM: aff02bfeed411c636180d6812254b2daeea14d09

COCOAPODS: 1.9.0
